
Microsoft Visual Studio Solution File, Format Version 12.00
# Visual Studio 15
VisualStudioVersion = 15.0.28307.421
MinimumVisualStudioVersion = 10.0.40219.1
Project("{E24C65DC-7377-472B-9ABA-BC803B73C61A}") = "Parcial", "Parcial\", "{48F25D6C-A0F5-4788-9503-E4663D723377}"
	ProjectSection(WebsiteProperties) = preProject
		TargetFrameworkMoniker = ".NETFramework,Version%3Dv4.6.1"
		Debug.AspNetCompiler.VirtualPath = "/localhost_49898"
		Debug.AspNetCompiler.PhysicalPath = "Parcial\"
		Debug.AspNetCompiler.TargetPath = "PrecompiledWeb\localhost_49898\"
		Debug.AspNetCompiler.Updateable = "true"
		Debug.AspNetCompiler.ForceOverwrite = "true"
		Debug.AspNetCompiler.FixedNames = "false"
		Debug.AspNetCompiler.Debug = "True"
		Release.AspNetCompiler.VirtualPath = "/localhost_49898"
		Release.AspNetCompiler.PhysicalPath = "Parcial\"
		Release.AspNetCompiler.TargetPath = "PrecompiledWeb\localhost_49898\"
		Release.AspNetCompiler.Updateable = "true"
		Release.AspNetCompiler.ForceOverwrite = "true"
		Release.AspNetCompiler.FixedNames = "false"
		Release.AspNetCompiler.Debug = "False"
		VWDPort = "49898"
		SlnRelativePath = "Parcial\"
		DefaultWebSiteLanguage = "Visual C#"
	EndProjectSection
EndProject
Global
	GlobalSection(SolutionConfigurationPlatforms) = preSolution
		Debug|Any CPU = Debug|Any CPU
	EndGlobalSection
	GlobalSection(ProjectConfigurationPlatforms) = postSolution
		{48F25D6C-A0F5-4788-9503-E4663D723377}.Debug|Any CPU.ActiveCfg = Debug|Any CPU
		{48F25D6C-A0F5-4788-9503-E4663D723377}.Debug|Any CPU.Build.0 = Debug|Any CPU
	EndGlobalSection
	GlobalSection(SolutionProperties) = preSolution
		HideSolutionNode = FALSE
	EndGlobalSection
	GlobalSection(ExtensibilityGlobals) = postSolution
		SolutionGuid = {E38DA5BD-63F0-453D-A29E-92B175ED4F76}
	EndGlobalSection
EndGlobal
